{
  "nodes": {
    "nixpkgs": {
      "locked": {
        "lastModified": 1713787398,
        "narHash": "sha256-TFRzgAjRgwXpDucaPZfVz9mRyH2wGM6oYABe1q/20iI=",
        "owner": "NixOS",
        "repo": "nixpkgs",
        "rev": "d4df7c26d03e94dbdabbd350cb89c9565cae07bb",
        "type": "github"
      },
      "original": {
        "owner": "NixOS",
        "ref": "release-23.11",
        "repo": "nixpkgs",
        "type": "github"
      }
    },
    "root": {
      "inputs": {
        "nixpkgs": "nixpkgs"
      }
    }
  },
  "root": "root",
  "version": 7
}
